
Microsoft Visual Studio Solution File, Format Version 12.00
# Visual Studio 14
VisualStudioVersion = 14.0.25420.1
MinimumVisualStudioVersion = 10.0.40219.1
Project("{FAE04EC0-301F-11D3-BF4B-00C04F79EFBC}") = "CSharpFundamentos.Capitulo02.Visualizador", "CSharpFundamentos.Capitulo02.Visualizador\CSharpFundamentos.Capitulo02.Visualizador.csproj", "{51C1BD83-DE4F-4106-B4D5-1AC814EEED80}"
EndProject
Project("{FAE04EC0-301F-11D3-BF4B-00C04F79EFBC}") = "CSharpFundamentos.Capitulo03.Variaveis", "CSharpFundamentos.Capitulo03.Variaveis\CSharpFundamentos.Capitulo03.Variaveis.csproj", "{E6C2F477-67E3-4A6F-9E2A-AA839D029F24}"
EndProject
Project("{FAE04EC0-301F-11D3-BF4B-00C04F79EFBC}") = "CSharpFundamentos.Capitulo03.Troco", "CSharpFundamentos.Capitulo03.Troco\CSharpFundamentos.Capitulo03.Troco.csproj", "{43EA7A9B-D432-430D-A27D-60B0A399E99E}"
EndProject
Project("{FAE04EC0-301F-11D3-BF4B-00C04F79EFBC}") = "CSharpFundamentos.Capitulo04.Frete", "CSharpFundamentos.Capitulo04.Frete\CSharpFundamentos.Capitulo04.Frete.csproj", "{B7406E24-D2D9-45AB-A4D1-099A676780E0}"
EndProject
Project("{FAE04EC0-301F-11D3-BF4B-00C04F79EFBC}") = "CSharpFundamentos.Capitulo05.Repeticao.Testes", "CSharpFundamentos.Capitulo05.Repeticao.Testes\CSharpFundamentos.Capitulo05.Repeticao.Testes.csproj", "{16A19BA8-254C-4EC3-82C7-A206EF495AD6}"
EndProject
Project("{FAE04EC0-301F-11D3-BF4B-00C04F79EFBC}") = "CSharpFundamentos.Capitulo08.Vetores.Testes", "CSharpFundamentos.Capitulo08.Vetores.Testes\CSharpFundamentos.Capitulo08.Vetores.Testes.csproj", "{CC9E257A-8DD9-4822-9DCF-193DE01CD231}"
EndProject
Project("{FAE04EC0-301F-11D3-BF4B-00C04F79EFBC}") = "CSharpFundamentos.Capitulo09.Colecoes.Testes", "CSharpFundamentos.Capitulo09.Colecoes.Testes\CSharpFundamentos.Capitulo09.Colecoes.Testes.csproj", "{03EBC5FF-8BE2-470A-B34E-554708F34D81}"
EndProject
Project("{2150E333-8FDC-42A3-9474-1A3956D46DE8}") = "Oficina", "Oficina", "{3E7CA268-C1B6-4CFB-9292-F6A788C62B2B}"
EndProject
Project("{FAE04EC0-301F-11D3-BF4B-00C04F79EFBC}") = "Oficina.Dominio", "Oficina.Dominio\Oficina.Dominio.csproj", "{7D05597E-26FD-457C-A7E2-B45BF5A64871}"
EndProject
Project("{FAE04EC0-301F-11D3-BF4B-00C04F79EFBC}") = "Oficina.Repositorios.SistemaArquivos", "Oficina.Repositorios.SistemaArquivos\Oficina.Repositorios.SistemaArquivos.csproj", "{7F2E1C74-E468-4755-AFE2-463F83E6FB70}"
EndProject
Project("{FAE04EC0-301F-11D3-BF4B-00C04F79EFBC}") = "Oficina.Repositorios.SistemaArquivosTests", "Oficina.Repositorios.SistemaArquivosTests\Oficina.Repositorios.SistemaArquivosTests.csproj", "{F613391C-7288-4DF7-A935-9027B3A9AB9B}"
EndProject
Project("{FAE04EC0-301F-11D3-BF4B-00C04F79EFBC}") = "Oficina.WindowsForms", "Oficina.WindowsForms\Oficina.WindowsForms.csproj", "{F5FD520A-5E82-4F03-B0CF-B42686D08CF4}"
EndProject
Project("{FAE04EC0-301F-11D3-BF4B-00C04F79EFBC}") = "Impacta.Apoio", "Impacta.Apoio\Impacta.Apoio.csproj", "{AA95DA36-303C-4C13-B3FA-DCFCB4BF9A14}"
EndProject
Project("{FAE04EC0-301F-11D3-BF4B-00C04F79EFBC}") = "CSharpFundamentos.Capitulo12.ValorReferencia.Teste", "CSharpFundamentos.Capitulo12.ValorReferencia.Teste\CSharpFundamentos.Capitulo12.ValorReferencia.Teste.csproj", "{1E3160F0-2854-4ADC-ADE2-06D9E7EC1F66}"
EndProject
Global
	GlobalSection(SolutionConfigurationPlatforms) = preSolution
		Debug|Any CPU = Debug|Any CPU
		Release|Any CPU = Release|Any CPU
	EndGlobalSection
	GlobalSection(ProjectConfigurationPlatforms) = postSolution
		{51C1BD83-DE4F-4106-B4D5-1AC814EEED80}.Debug|Any CPU.ActiveCfg = Debug|Any CPU
		{51C1BD83-DE4F-4106-B4D5-1AC814EEED80}.Debug|Any CPU.Build.0 = Debug|Any CPU
		{51C1BD83-DE4F-4106-B4D5-1AC814EEED80}.Release|Any CPU.ActiveCfg = Release|Any CPU
		{51C1BD83-DE4F-4106-B4D5-1AC814EEED80}.Release|Any CPU.Build.0 = Release|Any CPU
		{E6C2F477-67E3-4A6F-9E2A-AA839D029F24}.Debug|Any CPU.ActiveCfg = Debug|Any CPU
		{E6C2F477-67E3-4A6F-9E2A-AA839D029F24}.Debug|Any CPU.Build.0 = Debug|Any CPU
		{E6C2F477-67E3-4A6F-9E2A-AA839D029F24}.Release|Any CPU.ActiveCfg = Release|Any CPU
		{E6C2F477-67E3-4A6F-9E2A-AA839D029F24}.Release|Any CPU.Build.0 = Release|Any CPU
		{43EA7A9B-D432-430D-A27D-60B0A399E99E}.Debug|Any CPU.ActiveCfg = Debug|Any CPU
		{43EA7A9B-D432-430D-A27D-60B0A399E99E}.Debug|Any CPU.Build.0 = Debug|Any CPU
		{43EA7A9B-D432-430D-A27D-60B0A399E99E}.Release|Any CPU.ActiveCfg = Release|Any CPU
		{43EA7A9B-D432-430D-A27D-60B0A399E99E}.Release|Any CPU.Build.0 = Release|Any CPU
		{B7406E24-D2D9-45AB-A4D1-099A676780E0}.Debug|Any CPU.ActiveCfg = Debug|Any CPU
		{B7406E24-D2D9-45AB-A4D1-099A676780E0}.Debug|Any CPU.Build.0 = Debug|Any CPU
		{B7406E24-D2D9-45AB-A4D1-099A676780E0}.Release|Any CPU.ActiveCfg = Release|Any CPU
		{B7406E24-D2D9-45AB-A4D1-099A676780E0}.Release|Any CPU.Build.0 = Release|Any CPU
		{16A19BA8-254C-4EC3-82C7-A206EF495AD6}.Debug|Any CPU.ActiveCfg = Debug|Any CPU
		{16A19BA8-254C-4EC3-82C7-A206EF495AD6}.Debug|Any CPU.Build.0 = Debug|Any CPU
		{16A19BA8-254C-4EC3-82C7-A206EF495AD6}.Release|Any CPU.ActiveCfg = Release|Any CPU
		{16A19BA8-254C-4EC3-82C7-A206EF495AD6}.Release|Any CPU.Build.0 = Release|Any CPU
		{CC9E257A-8DD9-4822-9DCF-193DE01CD231}.Debug|Any CPU.ActiveCfg = Debug|Any CPU
		{CC9E257A-8DD9-4822-9DCF-193DE01CD231}.Debug|Any CPU.Build.0 = Debug|Any CPU
		{CC9E257A-8DD9-4822-9DCF-193DE01CD231}.Release|Any CPU.ActiveCfg = Release|Any CPU
		{CC9E257A-8DD9-4822-9DCF-193DE01CD231}.Release|Any CPU.Build.0 = Release|Any CPU
		{03EBC5FF-8BE2-470A-B34E-554708F34D81}.Debug|Any CPU.ActiveCfg = Debug|Any CPU
		{03EBC5FF-8BE2-470A-B34E-554708F34D81}.Debug|Any CPU.Build.0 = Debug|Any CPU
		{03EBC5FF-8BE2-470A-B34E-554708F34D81}.Release|Any CPU.ActiveCfg = Release|Any CPU
		{03EBC5FF-8BE2-470A-B34E-554708F34D81}.Release|Any CPU.Build.0 = Release|Any CPU
		{7D05597E-26FD-457C-A7E2-B45BF5A64871}.Debug|Any CPU.ActiveCfg = Debug|Any CPU
		{7D05597E-26FD-457C-A7E2-B45BF5A64871}.Debug|Any CPU.Build.0 = Debug|Any CPU
		{7D05597E-26FD-457C-A7E2-B45BF5A64871}.Release|Any CPU.ActiveCfg = Release|Any CPU
		{7D05597E-26FD-457C-A7E2-B45BF5A64871}.Release|Any CPU.Build.0 = Release|Any CPU
		{7F2E1C74-E468-4755-AFE2-463F83E6FB70}.Debug|Any CPU.ActiveCfg = Debug|Any CPU
		{7F2E1C74-E468-4755-AFE2-463F83E6FB70}.Debug|Any CPU.Build.0 = Debug|Any CPU
		{7F2E1C74-E468-4755-AFE2-463F83E6FB70}.Release|Any CPU.ActiveCfg = Release|Any CPU
		{7F2E1C74-E468-4755-AFE2-463F83E6FB70}.Release|Any CPU.Build.0 = Release|Any CPU
		{F613391C-7288-4DF7-A935-9027B3A9AB9B}.Debug|Any CPU.ActiveCfg = Debug|Any CPU
		{F613391C-7288-4DF7-A935-9027B3A9AB9B}.Debug|Any CPU.Build.0 = Debug|Any CPU
		{F613391C-7288-4DF7-A935-9027B3A9AB9B}.Release|Any CPU.ActiveCfg = Release|Any CPU
		{F613391C-7288-4DF7-A935-9027B3A9AB9B}.Release|Any CPU.Build.0 = Release|Any CPU
		{F5FD520A-5E82-4F03-B0CF-B42686D08CF4}.Debug|Any CPU.ActiveCfg = Debug|Any CPU
		{F5FD520A-5E82-4F03-B0CF-B42686D08CF4}.Debug|Any CPU.Build.0 = Debug|Any CPU
		{F5FD520A-5E82-4F03-B0CF-B42686D08CF4}.Release|Any CPU.ActiveCfg = Release|Any CPU
		{F5FD520A-5E82-4F03-B0CF-B42686D08CF4}.Release|Any CPU.Build.0 = Release|Any CPU
		{AA95DA36-303C-4C13-B3FA-DCFCB4BF9A14}.Debug|Any CPU.ActiveCfg = Debug|Any CPU
		{AA95DA36-303C-4C13-B3FA-DCFCB4BF9A14}.Debug|Any CPU.Build.0 = Debug|Any CPU
		{AA95DA36-303C-4C13-B3FA-DCFCB4BF9A14}.Release|Any CPU.ActiveCfg = Release|Any CPU
		{AA95DA36-303C-4C13-B3FA-DCFCB4BF9A14}.Release|Any CPU.Build.0 = Release|Any CPU
		{1E3160F0-2854-4ADC-ADE2-06D9E7EC1F66}.Debug|Any CPU.ActiveCfg = Debug|Any CPU
		{1E3160F0-2854-4ADC-ADE2-06D9E7EC1F66}.Debug|Any CPU.Build.0 = Debug|Any CPU
		{1E3160F0-2854-4ADC-ADE2-06D9E7EC1F66}.Release|Any CPU.ActiveCfg = Release|Any CPU
		{1E3160F0-2854-4ADC-ADE2-06D9E7EC1F66}.Release|Any CPU.Build.0 = Release|Any CPU
	EndGlobalSection
	GlobalSection(SolutionProperties) = preSolution
		HideSolutionNode = FALSE
	EndGlobalSection
	GlobalSection(NestedProjects) = preSolution
		{7D05597E-26FD-457C-A7E2-B45BF5A64871} = {3E7CA268-C1B6-4CFB-9292-F6A788C62B2B}
		{7F2E1C74-E468-4755-AFE2-463F83E6FB70} = {3E7CA268-C1B6-4CFB-9292-F6A788C62B2B}
		{F613391C-7288-4DF7-A935-9027B3A9AB9B} = {3E7CA268-C1B6-4CFB-9292-F6A788C62B2B}
		{F5FD520A-5E82-4F03-B0CF-B42686D08CF4} = {3E7CA268-C1B6-4CFB-9292-F6A788C62B2B}
		{AA95DA36-303C-4C13-B3FA-DCFCB4BF9A14} = {3E7CA268-C1B6-4CFB-9292-F6A788C62B2B}
	EndGlobalSection
EndGlobal
