
Microsoft Visual Studio Solution File, Format Version 12.00
# Visual Studio 14
VisualStudioVersion = 14.0.25420.1
MinimumVisualStudioVersion = 10.0.40219.1
Project("{FAE04EC0-301F-11D3-BF4B-00C04F79EFBC}") = "CSharpFundamentos.Capitulo02.Visualizador", "CSharpFundamentos.Capitulo02.Visualizador\CSharpFundamentos.Capitulo02.Visualizador.csproj", "{51C1BD83-DE4F-4106-B4D5-1AC814EEED80}"
EndProject
Project("{FAE04EC0-301F-11D3-BF4B-00C04F79EFBC}") = "CSharpFundamentos.Capitulo03.Variaveis", "CSharpFundamentos.Capitulo03.Variaveis\CSharpFundamentos.Capitulo03.Variaveis.csproj", "{E6C2F477-67E3-4A6F-9E2A-AA839D029F24}"
EndProject
Project("{FAE04EC0-301F-11D3-BF4B-00C04F79EFBC}") = "CSharpFundamentos.Capitulo03.Troco", "CSharpFundamentos.Capitulo03.Troco\CSharpFundamentos.Capitulo03.Troco.csproj", "{43EA7A9B-D432-430D-A27D-60B0A399E99E}"
EndProject
Project("{FAE04EC0-301F-11D3-BF4B-00C04F79EFBC}") = "CSharpFundamentos.Capitulo04.Frete", "CSharpFundamentos.Capitulo04.Frete\CSharpFundamentos.Capitulo04.Frete.csproj", "{B7406E24-D2D9-45AB-A4D1-099A676780E0}"
EndProject
Project("{FAE04EC0-301F-11D3-BF4B-00C04F79EFBC}") = "CSharpFundamentos.Capitulo05.Repeticao.Testes", "CSharpFundamentos.Capitulo05.Repeticao.Testes\CSharpFundamentos.Capitulo05.Repeticao.Testes.csproj", "{16A19BA8-254C-4EC3-82C7-A206EF495AD6}"
EndProject
Project("{FAE04EC0-301F-11D3-BF4B-00C04F79EFBC}") = "CSharpFundamentos.Capitulo08.Vetores.Testes", "CSharpFundamentos.Capitulo08.Vetores.Testes\CSharpFundamentos.Capitulo08.Vetores.Testes.csproj", "{CC9E257A-8DD9-4822-9DCF-193DE01CD231}"
EndProject
Global
	GlobalSection(SolutionConfigurationPlatforms) = preSolution
		Debug|Any CPU = Debug|Any CPU
		Release|Any CPU = Release|Any CPU
	EndGlobalSection
	GlobalSection(ProjectConfigurationPlatforms) = postSolution
		{51C1BD83-DE4F-4106-B4D5-1AC814EEED80}.Debug|Any CPU.ActiveCfg = Debug|Any CPU
		{51C1BD83-DE4F-4106-B4D5-1AC814EEED80}.Debug|Any CPU.Build.0 = Debug|Any CPU
		{51C1BD83-DE4F-4106-B4D5-1AC814EEED80}.Release|Any CPU.ActiveCfg = Release|Any CPU
		{51C1BD83-DE4F-4106-B4D5-1AC814EEED80}.Release|Any CPU.Build.0 = Release|Any CPU
		{E6C2F477-67E3-4A6F-9E2A-AA839D029F24}.Debug|Any CPU.ActiveCfg = Debug|Any CPU
		{E6C2F477-67E3-4A6F-9E2A-AA839D029F24}.Debug|Any CPU.Build.0 = Debug|Any CPU
		{E6C2F477-67E3-4A6F-9E2A-AA839D029F24}.Release|Any CPU.ActiveCfg = Release|Any CPU
		{E6C2F477-67E3-4A6F-9E2A-AA839D029F24}.Release|Any CPU.Build.0 = Release|Any CPU
		{43EA7A9B-D432-430D-A27D-60B0A399E99E}.Debug|Any CPU.ActiveCfg = Debug|Any CPU
		{43EA7A9B-D432-430D-A27D-60B0A399E99E}.Debug|Any CPU.Build.0 = Debug|Any CPU
		{43EA7A9B-D432-430D-A27D-60B0A399E99E}.Release|Any CPU.ActiveCfg = Release|Any CPU
		{43EA7A9B-D432-430D-A27D-60B0A399E99E}.Release|Any CPU.Build.0 = Release|Any CPU
		{B7406E24-D2D9-45AB-A4D1-099A676780E0}.Debug|Any CPU.ActiveCfg = Debug|Any CPU
		{B7406E24-D2D9-45AB-A4D1-099A676780E0}.Debug|Any CPU.Build.0 = Debug|Any CPU
		{B7406E24-D2D9-45AB-A4D1-099A676780E0}.Release|Any CPU.ActiveCfg = Release|Any CPU
		{B7406E24-D2D9-45AB-A4D1-099A676780E0}.Release|Any CPU.Build.0 = Release|Any CPU
		{16A19BA8-254C-4EC3-82C7-A206EF495AD6}.Debug|Any CPU.ActiveCfg = Debug|Any CPU
		{16A19BA8-254C-4EC3-82C7-A206EF495AD6}.Debug|Any CPU.Build.0 = Debug|Any CPU
		{16A19BA8-254C-4EC3-82C7-A206EF495AD6}.Release|Any CPU.ActiveCfg = Release|Any CPU
		{16A19BA8-254C-4EC3-82C7-A206EF495AD6}.Release|Any CPU.Build.0 = Release|Any CPU
		{CC9E257A-8DD9-4822-9DCF-193DE01CD231}.Debug|Any CPU.ActiveCfg = Debug|Any CPU
		{CC9E257A-8DD9-4822-9DCF-193DE01CD231}.Debug|Any CPU.Build.0 = Debug|Any CPU
		{CC9E257A-8DD9-4822-9DCF-193DE01CD231}.Release|Any CPU.ActiveCfg = Release|Any CPU
		{CC9E257A-8DD9-4822-9DCF-193DE01CD231}.Release|Any CPU.Build.0 = Release|Any CPU
	EndGlobalSection
	GlobalSection(SolutionProperties) = preSolution
		HideSolutionNode = FALSE
	EndGlobalSection
EndGlobal
